// !$*UTF8*$!
{
	archiveVersion = 1;
	classes = {
	};
	objectVersion = 56;
	objects = {

/* Begin PBXBuildFile section */
		8905E44F28DB292D00CA8027 /* AboutView.swift in Sources */ = {isa = PBXBuildFile; fileRef = 8905E44E28DB292D00CA8027 /* AboutView.swift */; };
		8905E45128DB5C3700CA8027 /* AuthManager.swift in Sources */ = {isa = PBXBuildFile; fileRef = 8905E45028DB5C3700CA8027 /* AuthManager.swift */; };
		8906E334297AEEA20064F3B1 /* NotificationSettings.swift in Sources */ = {isa = PBXBuildFile; fileRef = 8906E333297AEEA20064F3B1 /* NotificationSettings.swift */; };
		890F82442979426E005F6E27 /* Userlist.swift in Sources */ = {isa = PBXBuildFile; fileRef = 890F82432979426E005F6E27 /* Userlist.swift */; };
		891829222976B54B0003F81A /* UsersViewModel.swift in Sources */ = {isa = PBXBuildFile; fileRef = 891829212976B54B0003F81A /* UsersViewModel.swift */; };
		891829242976B5630003F81A /* UserListItem.swift in Sources */ = {isa = PBXBuildFile; fileRef = 891829232976B5630003F81A /* UserListItem.swift */; };
		891829262976B6150003F81A /* User.swift in Sources */ = {isa = PBXBuildFile; fileRef = 891829252976B6150003F81A /* User.swift */; };
		891829282976BAA80003F81A /* UserManager.swift in Sources */ = {isa = PBXBuildFile; fileRef = 891829272976BAA80003F81A /* UserManager.swift */; };
		892632DE28C3A94400B9C624 /* Rooster_voor_ZermeloApp.swift in Sources */ = {isa = PBXBuildFile; fileRef = 892632DD28C3A94400B9C624 /* Rooster_voor_ZermeloApp.swift */; };
		892632E028C3A94400B9C624 /* ContentView.swift in Sources */ = {isa = PBXBuildFile; fileRef = 892632DF28C3A94400B9C624 /* ContentView.swift */; };
		892632E228C3A94600B9C624 /* Assets.xcassets in Resources */ = {isa = PBXBuildFile; fileRef = 892632E128C3A94600B9C624 /* Assets.xcassets */; };
		892632E528C3A94600B9C624 /* Preview Assets.xcassets in Resources */ = {isa = PBXBuildFile; fileRef = 892632E428C3A94600B9C624 /* Preview Assets.xcassets */; };
		892632ED28C3A96100B9C624 /* WelcomeView.swift in Sources */ = {isa = PBXBuildFile; fileRef = 892632EC28C3A96100B9C624 /* WelcomeView.swift */; };
		892AA7DB296D8AD000BC883D /* Localizable.strings in Resources */ = {isa = PBXBuildFile; fileRef = 892AA7DD296D8AD000BC883D /* Localizable.strings */; };
		892DDA2C2974794100E0592E /* SettingsView.swift in Sources */ = {isa = PBXBuildFile; fileRef = 892DDA2B2974794000E0592E /* SettingsView.swift */; };
		892DDA2E29747E2100E0592E /* NotificationsManager.swift in Sources */ = {isa = PBXBuildFile; fileRef = 892DDA2D29747E2000E0592E /* NotificationsManager.swift */; };
		89346ECF29784A8A006E1651 /* NewAuthManager.swift in Sources */ = {isa = PBXBuildFile; fileRef = 89346ECE29784A8A006E1651 /* NewAuthManager.swift */; };
		89346ED22978978F006E1651 /* AddUserView.swift in Sources */ = {isa = PBXBuildFile; fileRef = 89346ED12978978F006E1651 /* AddUserView.swift */; };
		8947BD3828C793060063E3DF /* WeekView.swift in Sources */ = {isa = PBXBuildFile; fileRef = 8947BD3728C793060063E3DF /* WeekView.swift */; };
		8947BD3A28C7932E0063E3DF /* WeekViewModel.swift in Sources */ = {isa = PBXBuildFile; fileRef = 8947BD3928C7932E0063E3DF /* WeekViewModel.swift */; };
		8947BD3C28C797B40063E3DF /* DayView.swift in Sources */ = {isa = PBXBuildFile; fileRef = 8947BD3B28C797B40063E3DF /* DayView.swift */; };
		8951C9CF2983BFB400EEBDCE /* Analytics+SwiftUI.swift in Sources */ = {isa = PBXBuildFile; fileRef = 8951C9CE2983BFB400EEBDCE /* Analytics+SwiftUI.swift */; };
		8965E2D528C3D06D001D9B8E /* CodeScanner in Frameworks */ = {isa = PBXBuildFile; productRef = 8965E2D428C3D06D001D9B8E /* CodeScanner */; };
		896EAC7729799CD400FB0B05 /* SettingsViewModel.swift in Sources */ = {isa = PBXBuildFile; fileRef = 896EAC7629799CD400FB0B05 /* SettingsViewModel.swift */; };
		897038C628FDE11600773BCD /* NewWeekView.swift in Sources */ = {isa = PBXBuildFile; fileRef = 897038C528FDE11600773BCD /* NewWeekView.swift */; };
		8982676E28C68E0000C85D12 /* AppointmentView.swift in Sources */ = {isa = PBXBuildFile; fileRef = 8982676D28C68E0000C85D12 /* AppointmentView.swift */; };
		898C925428C3D65F00100AD6 /* ZermeloQRData.swift in Sources */ = {isa = PBXBuildFile; fileRef = 898C925328C3D65F00100AD6 /* ZermeloQRData.swift */; };
		898C925728C3D76000100AD6 /* Alamofire in Frameworks */ = {isa = PBXBuildFile; productRef = 898C925628C3D76000100AD6 /* Alamofire */; };
		898C925928C3D7FB00100AD6 /* ZermeloTokenRequest.swift in Sources */ = {isa = PBXBuildFile; fileRef = 898C925828C3D7FB00100AD6 /* ZermeloTokenRequest.swift */; };
		89ACDEFC2972DAEF008C8640 /* DemoTokenResponse.swift in Sources */ = {isa = PBXBuildFile; fileRef = 89ACDEFB2972DAEF008C8640 /* DemoTokenResponse.swift */; };
		89BC68CD298270D8006D6478 /* appointment.json in Resources */ = {isa = PBXBuildFile; fileRef = 89BC68CC298270D8006D6478 /* appointment.json */; };
		89BC68D12982722F006D6478 /* DayItemView.swift in Sources */ = {isa = PBXBuildFile; fileRef = 89BC68D02982722F006D6478 /* DayItemView.swift */; };
		89BC860428E2DEC6006BEC62 /* AppointmentActionView.swift in Sources */ = {isa = PBXBuildFile; fileRef = 89BC860328E2DEC6006BEC62 /* AppointmentActionView.swift */; };
		89C1B61029715E3900D0BB98 /* GoogleService-Info.plist in Resources */ = {isa = PBXBuildFile; fileRef = 89C1B60F29715E3800D0BB98 /* GoogleService-Info.plist */; };
		89C1B613297160AD00D0BB98 /* FirebaseAnalyticsWithoutAdIdSupport in Frameworks */ = {isa = PBXBuildFile; productRef = 89C1B612297160AD00D0BB98 /* FirebaseAnalyticsWithoutAdIdSupport */; };
		89C1B615297160AD00D0BB98 /* FirebaseCrashlytics in Frameworks */ = {isa = PBXBuildFile; productRef = 89C1B614297160AD00D0BB98 /* FirebaseCrashlytics */; };
		89DBAA84297E78CF001C1EF0 /* BackgroundTasksController.swift in Sources */ = {isa = PBXBuildFile; fileRef = 89DBAA83297E78CF001C1EF0 /* BackgroundTasksController.swift */; };
		89ED829928C5307F00306872 /* TokenSaver.swift in Sources */ = {isa = PBXBuildFile; fileRef = 89ED829828C5307F00306872 /* TokenSaver.swift */; };
		89ED829B28C530C000306872 /* SavedToken.swift in Sources */ = {isa = PBXBuildFile; fileRef = 89ED829A28C530C000306872 /* SavedToken.swift */; };
		89ED829F28C534A200306872 /* HomeView.swift in Sources */ = {isa = PBXBuildFile; fileRef = 89ED829E28C534A200306872 /* HomeView.swift */; };
		89ED82A128C53ADB00306872 /* ZermeloMeResponse.swift in Sources */ = {isa = PBXBuildFile; fileRef = 89ED82A028C53ADA00306872 /* ZermeloMeResponse.swift */; };
		89ED82A428C53D2E00306872 /* ZermeloLivescheduleResponse.swift in Sources */ = {isa = PBXBuildFile; fileRef = 89ED82A328C53D2E00306872 /* ZermeloLivescheduleResponse.swift */; };
		89F7051D28C6826700AFF2DF /* HomeViewModel.swift in Sources */ = {isa = PBXBuildFile; fileRef = 89F7051C28C6826700AFF2DF /* HomeViewModel.swift */; };
		89F7051F28C682A000AFF2DF /* API.swift in Sources */ = {isa = PBXBuildFile; fileRef = 89F7051E28C682A000AFF2DF /* API.swift */; };
/* End PBXBuildFile section */

/* Begin PBXFileReference section */
		8905E44E28DB292D00CA8027 /* AboutView.swift */ = {isa = PBXFileReference; lastKnownFileType = sourcecode.swift; path = AboutView.swift; sourceTree = "<group>"; };
		8905E45028DB5C3700CA8027 /* AuthManager.swift */ = {isa = PBXFileReference; lastKnownFileType = sourcecode.swift; path = AuthManager.swift; sourceTree = "<group>"; };
		8906E333297AEEA20064F3B1 /* NotificationSettings.swift */ = {isa = PBXFileReference; lastKnownFileType = sourcecode.swift; path = NotificationSettings.swift; sourceTree = "<group>"; };
		890F82432979426E005F6E27 /* Userlist.swift */ = {isa = PBXFileReference; lastKnownFileType = sourcecode.swift; path = Userlist.swift; sourceTree = "<group>"; };
		891829212976B54B0003F81A /* UsersViewModel.swift */ = {isa = PBXFileReference; lastKnownFileType = sourcecode.swift; path = UsersViewModel.swift; sourceTree = "<group>"; };
		891829232976B5630003F81A /* UserListItem.swift */ = {isa = PBXFileReference; lastKnownFileType = sourcecode.swift; path = UserListItem.swift; sourceTree = "<group>"; };
		891829252976B6150003F81A /* User.swift */ = {isa = PBXFileReference; lastKnownFileType = sourcecode.swift; path = User.swift; sourceTree = "<group>"; };
		891829272976BAA80003F81A /* UserManager.swift */ = {isa = PBXFileReference; lastKnownFileType = sourcecode.swift; path = UserManager.swift; sourceTree = "<group>"; };
		89185106297FEC2400C297EE /* Rooster voor Zermelo.entitlements */ = {isa = PBXFileReference; lastKnownFileType = text.plist.entitlements; path = "Rooster voor Zermelo.entitlements"; sourceTree = "<group>"; };
		892632DA28C3A94400B9C624 /* Rooster voor Zermelo.app */ = {isa = PBXFileReference; explicitFileType = wrapper.application; includeInIndex = 0; path = "Rooster voor Zermelo.app"; sourceTree = BUILT_PRODUCTS_DIR; };
		892632DD28C3A94400B9C624 /* Rooster_voor_ZermeloApp.swift */ = {isa = PBXFileReference; lastKnownFileType = sourcecode.swift; path = Rooster_voor_ZermeloApp.swift; sourceTree = "<group>"; };
		892632DF28C3A94400B9C624 /* ContentView.swift */ = {isa = PBXFileReference; lastKnownFileType = sourcecode.swift; path = ContentView.swift; sourceTree = "<group>"; };
		892632E128C3A94600B9C624 /* Assets.xcassets */ = {isa = PBXFileReference; lastKnownFileType = folder.assetcatalog; path = Assets.xcassets; sourceTree = "<group>"; };
		892632E428C3A94600B9C624 /* Preview Assets.xcassets */ = {isa = PBXFileReference; lastKnownFileType = folder.assetcatalog; path = "Preview Assets.xcassets"; sourceTree = "<group>"; };
		892632EC28C3A96100B9C624 /* WelcomeView.swift */ = {isa = PBXFileReference; lastKnownFileType = sourcecode.swift; path = WelcomeView.swift; sourceTree = "<group>"; };
		892AA7DC296D8AD000BC883D /* en */ = {isa = PBXFileReference; lastKnownFileType = text.plist.strings; name = en; path = en.lproj/Localizable.strings; sourceTree = "<group>"; };
		892AA7DE296D8AD300BC883D /* nl */ = {isa = PBXFileReference; lastKnownFileType = text.plist.strings; name = nl; path = nl.lproj/Localizable.strings; sourceTree = "<group>"; };
		892DDA2B2974794000E0592E /* SettingsView.swift */ = {isa = PBXFileReference; lastKnownFileType = sourcecode.swift; path = SettingsView.swift; sourceTree = "<group>"; };
		892DDA2D29747E2000E0592E /* NotificationsManager.swift */ = {isa = PBXFileReference; lastKnownFileType = sourcecode.swift; path = NotificationsManager.swift; sourceTree = "<group>"; };
		89346ECE29784A8A006E1651 /* NewAuthManager.swift */ = {isa = PBXFileReference; lastKnownFileType = sourcecode.swift; path = NewAuthManager.swift; sourceTree = "<group>"; };
		89346ED12978978F006E1651 /* AddUserView.swift */ = {isa = PBXFileReference; lastKnownFileType = sourcecode.swift; path = AddUserView.swift; sourceTree = "<group>"; };
		8947BD3728C793060063E3DF /* WeekView.swift */ = {isa = PBXFileReference; lastKnownFileType = sourcecode.swift; path = WeekView.swift; sourceTree = "<group>"; };
		8947BD3928C7932E0063E3DF /* WeekViewModel.swift */ = {isa = PBXFileReference; lastKnownFileType = sourcecode.swift; path = WeekViewModel.swift; sourceTree = "<group>"; };
		8947BD3B28C797B40063E3DF /* DayView.swift */ = {isa = PBXFileReference; lastKnownFileType = sourcecode.swift; path = DayView.swift; sourceTree = "<group>"; };
		8951C9CE2983BFB400EEBDCE /* Analytics+SwiftUI.swift */ = {isa = PBXFileReference; lastKnownFileType = sourcecode.swift; path = "Analytics+SwiftUI.swift"; sourceTree = "<group>"; };
		8965E2D628C3D296001D9B8E /* Rooster-voor-Zermelo-Info.plist */ = {isa = PBXFileReference; lastKnownFileType = text.plist; path = "Rooster-voor-Zermelo-Info.plist"; sourceTree = SOURCE_ROOT; };
		896EAC7629799CD400FB0B05 /* SettingsViewModel.swift */ = {isa = PBXFileReference; lastKnownFileType = sourcecode.swift; path = SettingsViewModel.swift; sourceTree = "<group>"; };
		897038C528FDE11600773BCD /* NewWeekView.swift */ = {isa = PBXFileReference; lastKnownFileType = sourcecode.swift; path = NewWeekView.swift; sourceTree = "<group>"; };
		8982676D28C68E0000C85D12 /* AppointmentView.swift */ = {isa = PBXFileReference; lastKnownFileType = sourcecode.swift; path = AppointmentView.swift; sourceTree = "<group>"; };
		8986658128DB8DD000D7A98C /* week.png */ = {isa = PBXFileReference; lastKnownFileType = image.png; path = week.png; sourceTree = "<group>"; };
		8986658228DB8DD000D7A98C /* home.png */ = {isa = PBXFileReference; lastKnownFileType = image.png; path = home.png; sourceTree = "<group>"; };
		8986658328DB8DD000D7A98C /* blokinfo.png */ = {isa = PBXFileReference; lastKnownFileType = image.png; path = blokinfo.png; sourceTree = "<group>"; };
		8986658428DB8DD000D7A98C /* setup.png */ = {isa = PBXFileReference; lastKnownFileType = image.png; path = setup.png; sourceTree = "<group>"; };
		898C925328C3D65F00100AD6 /* ZermeloQRData.swift */ = {isa = PBXFileReference; lastKnownFileType = sourcecode.swift; path = ZermeloQRData.swift; sourceTree = "<group>"; };
		898C925828C3D7FB00100AD6 /* ZermeloTokenRequest.swift */ = {isa = PBXFileReference; lastKnownFileType = sourcecode.swift; path = ZermeloTokenRequest.swift; sourceTree = "<group>"; };
		89ACDEFB2972DAEF008C8640 /* DemoTokenResponse.swift */ = {isa = PBXFileReference; lastKnownFileType = sourcecode.swift; path = DemoTokenResponse.swift; sourceTree = "<group>"; };
		89BC68CC298270D8006D6478 /* appointment.json */ = {isa = PBXFileReference; lastKnownFileType = text.json; path = appointment.json; sourceTree = "<group>"; };
		89BC68D02982722F006D6478 /* DayItemView.swift */ = {isa = PBXFileReference; lastKnownFileType = sourcecode.swift; path = DayItemView.swift; sourceTree = "<group>"; };
		89BC860328E2DEC6006BEC62 /* AppointmentActionView.swift */ = {isa = PBXFileReference; lastKnownFileType = sourcecode.swift; path = AppointmentActionView.swift; sourceTree = "<group>"; };
		89C1B60E2971523200D0BB98 /* CHANGELOG.md */ = {isa = PBXFileReference; lastKnownFileType = net.daringfireball.markdown; path = CHANGELOG.md; sourceTree = "<group>"; };
		89C1B60F29715E3800D0BB98 /* GoogleService-Info.plist */ = {isa = PBXFileReference; fileEncoding = 4; lastKnownFileType = text.plist.xml; path = "GoogleService-Info.plist"; sourceTree = "<group>"; };
		89DBAA83297E78CF001C1EF0 /* BackgroundTasksController.swift */ = {isa = PBXFileReference; lastKnownFileType = sourcecode.swift; path = BackgroundTasksController.swift; sourceTree = "<group>"; };
		89ED829828C5307F00306872 /* TokenSaver.swift */ = {isa = PBXFileReference; lastKnownFileType = sourcecode.swift; path = TokenSaver.swift; sourceTree = "<group>"; };
		89ED829A28C530C000306872 /* SavedToken.swift */ = {isa = PBXFileReference; lastKnownFileType = sourcecode.swift; path = SavedToken.swift; sourceTree = "<group>"; };
		89ED829E28C534A200306872 /* HomeView.swift */ = {isa = PBXFileReference; lastKnownFileType = sourcecode.swift; path = HomeView.swift; sourceTree = "<group>"; };
		89ED82A028C53ADA00306872 /* ZermeloMeResponse.swift */ = {isa = PBXFileReference; lastKnownFileType = sourcecode.swift; path = ZermeloMeResponse.swift; sourceTree = "<group>"; };
		89ED82A328C53D2E00306872 /* ZermeloLivescheduleResponse.swift */ = {isa = PBXFileReference; lastKnownFileType = sourcecode.swift; path = ZermeloLivescheduleResponse.swift; sourceTree = "<group>"; };
		89F7051C28C6826700AFF2DF /* HomeViewModel.swift */ = {isa = PBXFileReference; lastKnownFileType = sourcecode.swift; path = HomeViewModel.swift; sourceTree = "<group>"; };
		89F7051E28C682A000AFF2DF /* API.swift */ = {isa = PBXFileReference; lastKnownFileType = sourcecode.swift; path = API.swift; sourceTree = "<group>"; };
		89F7052028C68ACE00AFF2DF /* README.md */ = {isa = PBXFileReference; lastKnownFileType = net.daringfireball.markdown; path = README.md; sourceTree = "<group>"; };
/* End PBXFileReference section */

/* Begin PBXFrameworksBuildPhase section */
		892632D728C3A94400B9C624 /* Frameworks */ = {
			isa = PBXFrameworksBuildPhase;
			buildActionMask = 2147483647;
			files = (
				8965E2D528C3D06D001D9B8E /* CodeScanner in Frameworks */,
				89C1B615297160AD00D0BB98 /* FirebaseCrashlytics in Frameworks */,
				89C1B613297160AD00D0BB98 /* FirebaseAnalyticsWithoutAdIdSupport in Frameworks */,
				898C925728C3D76000100AD6 /* Alamofire in Frameworks */,
			);
			runOnlyForDeploymentPostprocessing = 0;
		};
/* End PBXFrameworksBuildPhase section */

/* Begin PBXGroup section */
		890F824529794286005F6E27 /* Users */ = {
			isa = PBXGroup;
			children = (
				891829212976B54B0003F81A /* UsersViewModel.swift */,
				891829232976B5630003F81A /* UserListItem.swift */,
				890F82432979426E005F6E27 /* Userlist.swift */,
			);
			path = Users;
			sourceTree = "<group>";
		};
		891829202976B53D0003F81A /* Settings */ = {
			isa = PBXGroup;
			children = (
				890F824529794286005F6E27 /* Users */,
				89346ED029789779006E1651 /* AddUserView */,
				892DDA2B2974794000E0592E /* SettingsView.swift */,
				896EAC7629799CD400FB0B05 /* SettingsViewModel.swift */,
				8906E333297AEEA20064F3B1 /* NotificationSettings.swift */,
			);
			path = Settings;
			sourceTree = "<group>";
		};
		892632D128C3A94400B9C624 = {
			isa = PBXGroup;
			children = (
				8986658028DB8DD000D7A98C /* Screenshots */,
				89F7052028C68ACE00AFF2DF /* README.md */,
				89C1B60E2971523200D0BB98 /* CHANGELOG.md */,
				892AA7DD296D8AD000BC883D /* Localizable.strings */,
				892632DC28C3A94400B9C624 /* Rooster voor Zermelo */,
				892632DB28C3A94400B9C624 /* Products */,
			);
			sourceTree = "<group>";
		};
		892632DB28C3A94400B9C624 /* Products */ = {
			isa = PBXGroup;
			children = (
				892632DA28C3A94400B9C624 /* Rooster voor Zermelo.app */,
			);
			name = Products;
			sourceTree = "<group>";
		};
		892632DC28C3A94400B9C624 /* Rooster voor Zermelo */ = {
			isa = PBXGroup;
			children = (
				89185106297FEC2400C297EE /* Rooster voor Zermelo.entitlements */,
				89C1B60F29715E3800D0BB98 /* GoogleService-Info.plist */,
				8965E2D628C3D296001D9B8E /* Rooster-voor-Zermelo-Info.plist */,
				89ED829728C5307200306872 /* Helpers */,
				898C925228C3D65100100AD6 /* Types */,
				892632EB28C3A95800B9C624 /* Views */,
				892632DD28C3A94400B9C624 /* Rooster_voor_ZermeloApp.swift */,
				892632DF28C3A94400B9C624 /* ContentView.swift */,
				892632E128C3A94600B9C624 /* Assets.xcassets */,
				892632E328C3A94600B9C624 /* Preview Content */,
			);
			path = "Rooster voor Zermelo";
			sourceTree = "<group>";
		};
		892632E328C3A94600B9C624 /* Preview Content */ = {
			isa = PBXGroup;
			children = (
				892632E428C3A94600B9C624 /* Preview Assets.xcassets */,
			);
			path = "Preview Content";
			sourceTree = "<group>";
		};
		892632EB28C3A95800B9C624 /* Views */ = {
			isa = PBXGroup;
			children = (
				891829202976B53D0003F81A /* Settings */,
				8947BD3628C792F20063E3DF /* WeekView */,
				89BC860228E2DEAE006BEC62 /* AppointmentView */,
				89ED829D28C5349C00306872 /* HomeView */,
				89BC68CF2982721C006D6478 /* DayView */,
				892632EC28C3A96100B9C624 /* WelcomeView.swift */,
				8905E44E28DB292D00CA8027 /* AboutView.swift */,
			);
			path = Views;
			sourceTree = "<group>";
		};
		89346ED029789779006E1651 /* AddUserView */ = {
			isa = PBXGroup;
			children = (
				89346ED12978978F006E1651 /* AddUserView.swift */,
			);
			path = AddUserView;
			sourceTree = "<group>";
		};
		8947BD3628C792F20063E3DF /* WeekView */ = {
			isa = PBXGroup;
			children = (
				8947BD3728C793060063E3DF /* WeekView.swift */,
				8947BD3928C7932E0063E3DF /* WeekViewModel.swift */,
				897038C528FDE11600773BCD /* NewWeekView.swift */,
			);
			path = WeekView;
			sourceTree = "<group>";
		};
		8986658028DB8DD000D7A98C /* Screenshots */ = {
			isa = PBXGroup;
			children = (
				8986658128DB8DD000D7A98C /* week.png */,
				8986658228DB8DD000D7A98C /* home.png */,
				8986658328DB8DD000D7A98C /* blokinfo.png */,
				8986658428DB8DD000D7A98C /* setup.png */,
			);
			path = Screenshots;
			sourceTree = "<group>";
		};
		898C925228C3D65100100AD6 /* Types */ = {
			isa = PBXGroup;
			children = (
				89ED82A228C53D1800306872 /* ZermeloHTTP */,
				898C925328C3D65F00100AD6 /* ZermeloQRData.swift */,
				89ACDEFB2972DAEF008C8640 /* DemoTokenResponse.swift */,
				891829252976B6150003F81A /* User.swift */,
				89ED829A28C530C000306872 /* SavedToken.swift */,
			);
			path = Types;
			sourceTree = "<group>";
		};
		89BC68CF2982721C006D6478 /* DayView */ = {
			isa = PBXGroup;
			children = (
				8947BD3B28C797B40063E3DF /* DayView.swift */,
				89BC68D02982722F006D6478 /* DayItemView.swift */,
			);
			path = DayView;
			sourceTree = "<group>";
		};
		89BC860228E2DEAE006BEC62 /* AppointmentView */ = {
			isa = PBXGroup;
			children = (
				8982676D28C68E0000C85D12 /* AppointmentView.swift */,
				89BC860328E2DEC6006BEC62 /* AppointmentActionView.swift */,
			);
			path = AppointmentView;
			sourceTree = "<group>";
		};
		89ED829728C5307200306872 /* Helpers */ = {
			isa = PBXGroup;
			children = (
				89ED829828C5307F00306872 /* TokenSaver.swift */,
				89F7051E28C682A000AFF2DF /* API.swift */,
				8905E45028DB5C3700CA8027 /* AuthManager.swift */,
				892DDA2D29747E2000E0592E /* NotificationsManager.swift */,
				891829272976BAA80003F81A /* UserManager.swift */,
				89346ECE29784A8A006E1651 /* NewAuthManager.swift */,
				89DBAA83297E78CF001C1EF0 /* BackgroundTasksController.swift */,
				8951C9CE2983BFB400EEBDCE /* Analytics+SwiftUI.swift */,
			);
			path = Helpers;
			sourceTree = "<group>";
		};
		89ED829D28C5349C00306872 /* HomeView */ = {
			isa = PBXGroup;
			children = (
				89ED829E28C534A200306872 /* HomeView.swift */,
				89F7051C28C6826700AFF2DF /* HomeViewModel.swift */,
			);
			path = HomeView;
			sourceTree = "<group>";
		};
		89ED82A228C53D1800306872 /* ZermeloHTTP */ = {
			isa = PBXGroup;
			children = (
				89ED82A028C53ADA00306872 /* ZermeloMeResponse.swift */,
				898C925828C3D7FB00100AD6 /* ZermeloTokenRequest.swift */,
				89ED82A328C53D2E00306872 /* ZermeloLivescheduleResponse.swift */,
				89BC68CC298270D8006D6478 /* appointment.json */,
			);
			path = ZermeloHTTP;
			sourceTree = "<group>";
		};
/* End PBXGroup section */

/* Begin PBXNativeTarget section */
		892632D928C3A94400B9C624 /* Rooster voor Zermelo */ = {
			isa = PBXNativeTarget;
			buildConfigurationList = 892632E828C3A94600B9C624 /* Build configuration list for PBXNativeTarget "Rooster voor Zermelo" */;
			buildPhases = (
				892632D628C3A94400B9C624 /* Sources */,
				892632D728C3A94400B9C624 /* Frameworks */,
				892632D828C3A94400B9C624 /* Resources */,
				89C1B6162971C83600D0BB98 /* ShellScript */,
			);
			buildRules = (
			);
			dependencies = (
			);
			name = "Rooster voor Zermelo";
			packageProductDependencies = (
				8965E2D428C3D06D001D9B8E /* CodeScanner */,
				898C925628C3D76000100AD6 /* Alamofire */,
				89C1B612297160AD00D0BB98 /* FirebaseAnalyticsWithoutAdIdSupport */,
				89C1B614297160AD00D0BB98 /* FirebaseCrashlytics */,
			);
			productName = "Rooster voor Zermelo";
			productReference = 892632DA28C3A94400B9C624 /* Rooster voor Zermelo.app */;
			productType = "com.apple.product-type.application";
		};
/* End PBXNativeTarget section */

/* Begin PBXProject section */
		892632D228C3A94400B9C624 /* Project object */ = {
			isa = PBXProject;
			attributes = {
				BuildIndependentTargetsInParallel = 1;
				LastSwiftUpdateCheck = 1400;
				LastUpgradeCheck = 1420;
				TargetAttributes = {
					892632D928C3A94400B9C624 = {
						CreatedOnToolsVersion = 14.0;
					};
				};
			};
			buildConfigurationList = 892632D528C3A94400B9C624 /* Build configuration list for PBXProject "Rooster voor Zermelo" */;
			compatibilityVersion = "Xcode 14.0";
			developmentRegion = en;
			hasScannedForEncodings = 0;
			knownRegions = (
				en,
				nl,
				Base,
			);
			mainGroup = 892632D128C3A94400B9C624;
			packageReferences = (
				8965E2D328C3D06D001D9B8E /* XCRemoteSwiftPackageReference "CodeScanner" */,
				898C925528C3D76000100AD6 /* XCRemoteSwiftPackageReference "Alamofire" */,
				89C1B611297160AD00D0BB98 /* XCRemoteSwiftPackageReference "firebase-ios-sdk" */,
			);
			productRefGroup = 892632DB28C3A94400B9C624 /* Products */;
			projectDirPath = "";
			projectRoot = "";
			targets = (
				892632D928C3A94400B9C624 /* Rooster voor Zermelo */,
			);
		};
/* End PBXProject section */

/* Begin PBXResourcesBuildPhase section */
		892632D828C3A94400B9C624 /* Resources */ = {
			isa = PBXResourcesBuildPhase;
			buildActionMask = 2147483647;
			files = (
				892632E528C3A94600B9C624 /* Preview Assets.xcassets in Resources */,
				89C1B61029715E3900D0BB98 /* GoogleService-Info.plist in Resources */,
				892AA7DB296D8AD000BC883D /* Localizable.strings in Resources */,
				892632E228C3A94600B9C624 /* Assets.xcassets in Resources */,
				89BC68CD298270D8006D6478 /* appointment.json in Resources */,
			);
			runOnlyForDeploymentPostprocessing = 0;
		};
/* End PBXResourcesBuildPhase section */

/* Begin PBXShellScriptBuildPhase section */
		89C1B6162971C83600D0BB98 /* ShellScript */ = {
			isa = PBXShellScriptBuildPhase;
			alwaysOutOfDate = 1;
			buildActionMask = 8;
			files = (
			);
			inputFileListPaths = (
			);
			inputPaths = (
				"${DWARF_DSYM_FOLDER_PATH}/${DWARF_DSYM_FILE_NAME}/Contents/Resources/DWARF/${TARGET_NAME}",
				"$(SRCROOT)/$(BUILT_PRODUCTS_DIR)/$(INFOPLIST_PATH)",
			);
			outputFileListPaths = (
			);
			outputPaths = (
			);
			runOnlyForDeploymentPostprocessing = 1;
			shellPath = /bin/sh;
			shellScript = "# Type a script or drag a script file from your workspace to insert its path.\n\"${BUILD_DIR%/Build/*}/SourcePackages/checkouts/firebase-ios-sdk/Crashlytics/run\"\n";
		};
/* End PBXShellScriptBuildPhase section */

/* Begin PBXSourcesBuildPhase section */
		892632D628C3A94400B9C624 /* Sources */ = {
			isa = PBXSourcesBuildPhase;
			buildActionMask = 2147483647;
			files = (
				89BC68D12982722F006D6478 /* DayItemView.swift in Sources */,
				891829262976B6150003F81A /* User.swift in Sources */,
				8982676E28C68E0000C85D12 /* AppointmentView.swift in Sources */,
				8905E45128DB5C3700CA8027 /* AuthManager.swift in Sources */,
				8947BD3C28C797B40063E3DF /* DayView.swift in Sources */,
				8905E44F28DB292D00CA8027 /* AboutView.swift in Sources */,
				892DDA2E29747E2100E0592E /* NotificationsManager.swift in Sources */,
				892632E028C3A94400B9C624 /* ContentView.swift in Sources */,
				897038C628FDE11600773BCD /* NewWeekView.swift in Sources */,
				89F7051D28C6826700AFF2DF /* HomeViewModel.swift in Sources */,
				8947BD3A28C7932E0063E3DF /* WeekViewModel.swift in Sources */,
				89ED829928C5307F00306872 /* TokenSaver.swift in Sources */,
				89ACDEFC2972DAEF008C8640 /* DemoTokenResponse.swift in Sources */,
				89ED82A428C53D2E00306872 /* ZermeloLivescheduleResponse.swift in Sources */,
				8951C9CF2983BFB400EEBDCE /* Analytics+SwiftUI.swift in Sources */,
				8906E334297AEEA20064F3B1 /* NotificationSettings.swift in Sources */,
				898C925428C3D65F00100AD6 /* ZermeloQRData.swift in Sources */,
				89346ECF29784A8A006E1651 /* NewAuthManager.swift in Sources */,
				898C925928C3D7FB00100AD6 /* ZermeloTokenRequest.swift in Sources */,
				89ED829B28C530C000306872 /* SavedToken.swift in Sources */,
				89ED829F28C534A200306872 /* HomeView.swift in Sources */,
				896EAC7729799CD400FB0B05 /* SettingsViewModel.swift in Sources */,
				890F82442979426E005F6E27 /* Userlist.swift in Sources */,
				89ED82A128C53ADB00306872 /* ZermeloMeResponse.swift in Sources */,
				891829282976BAA80003F81A /* UserManager.swift in Sources */,
				8947BD3828C793060063E3DF /* WeekView.swift in Sources */,
				892632ED28C3A96100B9C624 /* WelcomeView.swift in Sources */,
				89346ED22978978F006E1651 /* AddUserView.swift in Sources */,
				891829242976B5630003F81A /* UserListItem.swift in Sources */,
				89BC860428E2DEC6006BEC62 /* AppointmentActionView.swift in Sources */,
				89DBAA84297E78CF001C1EF0 /* BackgroundTasksController.swift in Sources */,
				89F7051F28C682A000AFF2DF /* API.swift in Sources */,
				892632DE28C3A94400B9C624 /* Rooster_voor_ZermeloApp.swift in Sources */,
				892DDA2C2974794100E0592E /* SettingsView.swift in Sources */,
				891829222976B54B0003F81A /* UsersViewModel.swift in Sources */,
			);
			runOnlyForDeploymentPostprocessing = 0;
		};
/* End PBXSourcesBuildPhase section */

/* Begin PBXVariantGroup section */
		892AA7DD296D8AD000BC883D /* Localizable.strings */ = {
			isa = PBXVariantGroup;
			children = (
				892AA7DC296D8AD000BC883D /* en */,
				892AA7DE296D8AD300BC883D /* nl */,
			);
			name = Localizable.strings;
			sourceTree = "<group>";
		};
/* End PBXVariantGroup section */

/* Begin XCBuildConfiguration section */
		892632E628C3A94600B9C624 /* Debug */ = {
			isa = XCBuildConfiguration;
			buildSettings = {
				ALWAYS_SEARCH_USER_PATHS = NO;
				CLANG_ANALYZER_LOCALIZABILITY_NONLOCALIZED = YES;
				CLANG_ANALYZER_NONNULL = YES;
				CLANG_ANALYZER_NUMBER_OBJECT_CONVERSION = YES_AGGRESSIVE;
				CLANG_CXX_LANGUAGE_STANDARD = "gnu++20";
				CLANG_ENABLE_MODULES = YES;
				CLANG_ENABLE_OBJC_ARC = YES;
				CLANG_ENABLE_OBJC_WEAK = YES;
				CLANG_WARN_BLOCK_CAPTURE_AUTORELEASING = YES;
				CLANG_WARN_BOOL_CONVERSION = YES;
				CLANG_WARN_COMMA = YES;
				CLANG_WARN_CONSTANT_CONVERSION = YES;
				CLANG_WARN_DEPRECATED_OBJC_IMPLEMENTATIONS = YES;
				CLANG_WARN_DIRECT_OBJC_ISA_USAGE = YES_ERROR;
				CLANG_WARN_DOCUMENTATION_COMMENTS = YES;
				CLANG_WARN_EMPTY_BODY = YES;
				CLANG_WARN_ENUM_CONVERSION = YES;
				CLANG_WARN_INFINITE_RECURSION = YES;
				CLANG_WARN_INT_CONVERSION = YES;
				CLANG_WARN_NON_LITERAL_NULL_CONVERSION = YES;
				CLANG_WARN_OBJC_IMPLICIT_RETAIN_SELF = YES;
				CLANG_WARN_OBJC_LITERAL_CONVERSION = YES;
				CLANG_WARN_OBJC_ROOT_CLASS = YES_ERROR;
				CLANG_WARN_QUOTED_INCLUDE_IN_FRAMEWORK_HEADER = YES;
				CLANG_WARN_RANGE_LOOP_ANALYSIS = YES;
				CLANG_WARN_STRICT_PROTOTYPES = YES;
				CLANG_WARN_SUSPICIOUS_MOVE = YES;
				CLANG_WARN_UNGUARDED_AVAILABILITY = YES_AGGRESSIVE;
				CLANG_WARN_UNREACHABLE_CODE = YES;
				CLANG_WARN__DUPLICATE_METHOD_MATCH = YES;
				COPY_PHASE_STRIP = NO;
				DEBUG_INFORMATION_FORMAT = dwarf;
				ENABLE_STRICT_OBJC_MSGSEND = YES;
				ENABLE_TESTABILITY = YES;
				GCC_C_LANGUAGE_STANDARD = gnu11;
				GCC_DYNAMIC_NO_PIC = NO;
				GCC_NO_COMMON_BLOCKS = YES;
				GCC_OPTIMIZATION_LEVEL = 0;
				GCC_PREPROCESSOR_DEFINITIONS = (
					"DEBUG=1",
					"$(inherited)",
				);
				GCC_WARN_64_TO_32_BIT_CONVERSION = YES;
				GCC_WARN_ABOUT_RETURN_TYPE = YES_ERROR;
				GCC_WARN_UNDECLARED_SELECTOR = YES;
				GCC_WARN_UNINITIALIZED_AUTOS = YES_AGGRESSIVE;
				GCC_WARN_UNUSED_FUNCTION = YES;
				GCC_WARN_UNUSED_VARIABLE = YES;
				IPHONEOS_DEPLOYMENT_TARGET = 16.0;
				MTL_ENABLE_DEBUG_INFO = INCLUDE_SOURCE;
				MTL_FAST_MATH = YES;
				ONLY_ACTIVE_ARCH = YES;
				SDKROOT = iphoneos;
				SWIFT_ACTIVE_COMPILATION_CONDITIONS = DEBUG;
				SWIFT_OPTIMIZATION_LEVEL = "-Onone";
			};
			name = Debug;
		};
		892632E728C3A94600B9C624 /* Release */ = {
			isa = XCBuildConfiguration;
			buildSettings = {
				ALWAYS_SEARCH_USER_PATHS = NO;
				CLANG_ANALYZER_LOCALIZABILITY_NONLOCALIZED = YES;
				CLANG_ANALYZER_NONNULL = YES;
				CLANG_ANALYZER_NUMBER_OBJECT_CONVERSION = YES_AGGRESSIVE;
				CLANG_CXX_LANGUAGE_STANDARD = "gnu++20";
				CLANG_ENABLE_MODULES = YES;
				CLANG_ENABLE_OBJC_ARC = YES;
				CLANG_ENABLE_OBJC_WEAK = YES;
				CLANG_WARN_BLOCK_CAPTURE_AUTORELEASING = YES;
				CLANG_WARN_BOOL_CONVERSION = YES;
				CLANG_WARN_COMMA = YES;
				CLANG_WARN_CONSTANT_CONVERSION = YES;
				CLANG_WARN_DEPRECATED_OBJC_IMPLEMENTATIONS = YES;
				CLANG_WARN_DIRECT_OBJC_ISA_USAGE = YES_ERROR;
				CLANG_WARN_DOCUMENTATION_COMMENTS = YES;
				CLANG_WARN_EMPTY_BODY = YES;
				CLANG_WARN_ENUM_CONVERSION = YES;
				CLANG_WARN_INFINITE_RECURSION = YES;
				CLANG_WARN_INT_CONVERSION = YES;
				CLANG_WARN_NON_LITERAL_NULL_CONVERSION = YES;
				CLANG_WARN_OBJC_IMPLICIT_RETAIN_SELF = YES;
				CLANG_WARN_OBJC_LITERAL_CONVERSION = YES;
				CLANG_WARN_OBJC_ROOT_CLASS = YES_ERROR;
				CLANG_WARN_QUOTED_INCLUDE_IN_FRAMEWORK_HEADER = YES;
				CLANG_WARN_RANGE_LOOP_ANALYSIS = YES;
				CLANG_WARN_STRICT_PROTOTYPES = YES;
				CLANG_WARN_SUSPICIOUS_MOVE = YES;
				CLANG_WARN_UNGUARDED_AVAILABILITY = YES_AGGRESSIVE;
				CLANG_WARN_UNREACHABLE_CODE = YES;
				CLANG_WARN__DUPLICATE_METHOD_MATCH = YES;
				COPY_PHASE_STRIP = NO;
				DEBUG_INFORMATION_FORMAT = "dwarf-with-dsym";
				ENABLE_NS_ASSERTIONS = NO;
				ENABLE_STRICT_OBJC_MSGSEND = YES;
				GCC_C_LANGUAGE_STANDARD = gnu11;
				GCC_NO_COMMON_BLOCKS = YES;
				GCC_WARN_64_TO_32_BIT_CONVERSION = YES;
				GCC_WARN_ABOUT_RETURN_TYPE = YES_ERROR;
				GCC_WARN_UNDECLARED_SELECTOR = YES;
				GCC_WARN_UNINITIALIZED_AUTOS = YES_AGGRESSIVE;
				GCC_WARN_UNUSED_FUNCTION = YES;
				GCC_WARN_UNUSED_VARIABLE = YES;
				IPHONEOS_DEPLOYMENT_TARGET = 16.0;
				MTL_ENABLE_DEBUG_INFO = NO;
				MTL_FAST_MATH = YES;
				SDKROOT = iphoneos;
				SWIFT_COMPILATION_MODE = wholemodule;
				SWIFT_OPTIMIZATION_LEVEL = "-O";
				VALIDATE_PRODUCT = YES;
			};
			name = Release;
		};
		892632E928C3A94600B9C624 /* Debug */ = {
			isa = XCBuildConfiguration;
			buildSettings = {
				ASSETCATALOG_COMPILER_APPICON_NAME = AppIcon;
				ASSETCATALOG_COMPILER_GLOBAL_ACCENT_COLOR_NAME = AccentColor;
				CODE_SIGN_ENTITLEMENTS = "Rooster voor Zermelo/Rooster voor Zermelo.entitlements";
				CODE_SIGN_STYLE = Automatic;
				CURRENT_PROJECT_VERSION = 9;
				DEBUG_INFORMATION_FORMAT = "dwarf-with-dsym";
				DEVELOPMENT_ASSET_PATHS = "\"Rooster voor Zermelo/Preview Content\"";
				DEVELOPMENT_TEAM = C4HKS39B24;
				ENABLE_PREVIEWS = YES;
				GENERATE_INFOPLIST_FILE = YES;
				INFOPLIST_FILE = "Rooster-voor-Zermelo-Info.plist";
				INFOPLIST_KEY_CFBundleDisplayName = RoosterApp;
				INFOPLIST_KEY_LSApplicationCategoryType = "public.app-category.education";
				INFOPLIST_KEY_NSCameraUsageDescription = "Nodig om de QR code te kunnen scannen.";
				INFOPLIST_KEY_UIApplicationSupportsIndirectInputEvents = YES;
				INFOPLIST_KEY_UILaunchScreen_Generation = YES;
				INFOPLIST_KEY_UISupportedInterfaceOrientations = UIInterfaceOrientationPortrait;
				INFOPLIST_KEY_UISupportedInterfaceOrientations_iPad = "UIInterfaceOrientationLandscapeLeft UIInterfaceOrientationLandscapeRight UIInterfaceOrientationPortrait UIInterfaceOrientationPortraitUpsideDown";
				IPHONEOS_DEPLOYMENT_TARGET = 16.0;
				LD_RUNPATH_SEARCH_PATHS = (
					"$(inherited)",
					"@executable_path/Frameworks",
				);
				MARKETING_VERSION = 1.4;
				PRODUCT_BUNDLE_IDENTIFIER = "nl.wissehes.Rooster-voor-Zermelo";
				PRODUCT_NAME = "$(TARGET_NAME)";
				SWIFT_EMIT_LOC_STRINGS = YES;
				SWIFT_VERSION = 5.0;
				TARGETED_DEVICE_FAMILY = "1,2";
			};
			name = Debug;
		};
		892632EA28C3A94600B9C624 /* Release */ = {
			isa = XCBuildConfiguration;
			buildSettings = {
				ASSETCATALOG_COMPILER_APPICON_NAME = AppIcon;
				ASSETCATALOG_COMPILER_GLOBAL_ACCENT_COLOR_NAME = AccentColor;
				CODE_SIGN_ENTITLEMENTS = "Rooster voor Zermelo/Rooster voor Zermelo.entitlements";
				CODE_SIGN_STYLE = Automatic;
				CURRENT_PROJECT_VERSION = 9;
				DEVELOPMENT_ASSET_PATHS = "\"Rooster voor Zermelo/Preview Content\"";
				DEVELOPMENT_TEAM = C4HKS39B24;
				ENABLE_PREVIEWS = YES;
				GENERATE_INFOPLIST_FILE = YES;
				INFOPLIST_FILE = "Rooster-voor-Zermelo-Info.plist";
				INFOPLIST_KEY_CFBundleDisplayName = RoosterApp;
				INFOPLIST_KEY_LSApplicationCategoryType = "public.app-category.education";
				INFOPLIST_KEY_NSCameraUsageDescription = "Nodig om de QR code te kunnen scannen.";
				INFOPLIST_KEY_UIApplicationSupportsIndirectInputEvents = YES;
				INFOPLIST_KEY_UILaunchScreen_Generation = YES;
				INFOPLIST_KEY_UISupportedInterfaceOrientations = UIInterfaceOrientationPortrait;
				INFOPLIST_KEY_UISupportedInterfaceOrientations_iPad = "UIInterfaceOrientationLandscapeLeft UIInterfaceOrientationLandscapeRight UIInterfaceOrientationPortrait UIInterfaceOrientationPortraitUpsideDown";
				IPHONEOS_DEPLOYMENT_TARGET = 16.0;
				LD_RUNPATH_SEARCH_PATHS = (
					"$(inherited)",
					"@executable_path/Frameworks",
				);
				MARKETING_VERSION = 1.4;
				PRODUCT_BUNDLE_IDENTIFIER = "nl.wissehes.Rooster-voor-Zermelo";
				PRODUCT_NAME = "$(TARGET_NAME)";
				SWIFT_EMIT_LOC_STRINGS = YES;
				SWIFT_VERSION = 5.0;
				TARGETED_DEVICE_FAMILY = "1,2";
			};
			name = Release;
		};
/* End XCBuildConfiguration section */

/* Begin XCConfigurationList section */
		892632D528C3A94400B9C624 /* Build configuration list for PBXProject "Rooster voor Zermelo" */ = {
			isa = XCConfigurationList;
			buildConfigurations = (
				892632E628C3A94600B9C624 /* Debug */,
				892632E728C3A94600B9C624 /* Release */,
			);
			defaultConfigurationIsVisible = 0;
			defaultConfigurationName = Release;
		};
		892632E828C3A94600B9C624 /* Build configuration list for PBXNativeTarget "Rooster voor Zermelo" */ = {
			isa = XCConfigurationList;
			buildConfigurations = (
				892632E928C3A94600B9C624 /* Debug */,
				892632EA28C3A94600B9C624 /* Release */,
			);
			defaultConfigurationIsVisible = 0;
			defaultConfigurationName = Release;
		};
/* End XCConfigurationList section */

/* Begin XCRemoteSwiftPackageReference section */
		8965E2D328C3D06D001D9B8E /* XCRemoteSwiftPackageReference "CodeScanner" */ = {
			isa = XCRemoteSwiftPackageReference;
			repositoryURL = "https://github.com/twostraws/CodeScanner";
			requirement = {
				kind = upToNextMajorVersion;
				minimumVersion = 2.0.0;
			};
		};
		898C925528C3D76000100AD6 /* XCRemoteSwiftPackageReference "Alamofire" */ = {
			isa = XCRemoteSwiftPackageReference;
			repositoryURL = "https://github.com/Alamofire/Alamofire";
			requirement = {
				kind = upToNextMajorVersion;
				minimumVersion = 5.0.0;
			};
		};
		89C1B611297160AD00D0BB98 /* XCRemoteSwiftPackageReference "firebase-ios-sdk" */ = {
			isa = XCRemoteSwiftPackageReference;
			repositoryURL = "https://github.com/firebase/firebase-ios-sdk";
			requirement = {
				kind = upToNextMajorVersion;
				minimumVersion = 9.0.0;
			};
		};
/* End XCRemoteSwiftPackageReference section */

/* Begin XCSwiftPackageProductDependency section */
		8965E2D428C3D06D001D9B8E /* CodeScanner */ = {
			isa = XCSwiftPackageProductDependency;
			package = 8965E2D328C3D06D001D9B8E /* XCRemoteSwiftPackageReference "CodeScanner" */;
			productName = CodeScanner;
		};
		898C925628C3D76000100AD6 /* Alamofire */ = {
			isa = XCSwiftPackageProductDependency;
			package = 898C925528C3D76000100AD6 /* XCRemoteSwiftPackageReference "Alamofire" */;
			productName = Alamofire;
		};
		89C1B612297160AD00D0BB98 /* FirebaseAnalyticsWithoutAdIdSupport */ = {
			isa = XCSwiftPackageProductDependency;
			package = 89C1B611297160AD00D0BB98 /* XCRemoteSwiftPackageReference "firebase-ios-sdk" */;
			productName = FirebaseAnalyticsWithoutAdIdSupport;
		};
		89C1B614297160AD00D0BB98 /* FirebaseCrashlytics */ = {
			isa = XCSwiftPackageProductDependency;
			package = 89C1B611297160AD00D0BB98 /* XCRemoteSwiftPackageReference "firebase-ios-sdk" */;
			productName = FirebaseCrashlytics;
		};
/* End XCSwiftPackageProductDependency section */
	};
	rootObject = 892632D228C3A94400B9C624 /* Project object */;
}
