// !$*UTF8*$!
{
	archiveVersion = 1;
	classes = {
	};
	objectVersion = 56;
	objects = {

/* Begin PBXBuildFile section */
		892632DE28C3A94400B9C624 /* Rooster_voor_ZermeloApp.swift in Sources */ = {isa = PBXBuildFile; fileRef = 892632DD28C3A94400B9C624 /* Rooster_voor_ZermeloApp.swift */; };
		892632E028C3A94400B9C624 /* ContentView.swift in Sources */ = {isa = PBXBuildFile; fileRef = 892632DF28C3A94400B9C624 /* ContentView.swift */; };
		892632E228C3A94600B9C624 /* Assets.xcassets in Resources */ = {isa = PBXBuildFile; fileRef = 892632E128C3A94600B9C624 /* Assets.xcassets */; };
		892632E528C3A94600B9C624 /* Preview Assets.xcassets in Resources */ = {isa = PBXBuildFile; fileRef = 892632E428C3A94600B9C624 /* Preview Assets.xcassets */; };
		892632ED28C3A96100B9C624 /* WelcomeView.swift in Sources */ = {isa = PBXBuildFile; fileRef = 892632EC28C3A96100B9C624 /* WelcomeView.swift */; };
		8965E2D528C3D06D001D9B8E /* CodeScanner in Frameworks */ = {isa = PBXBuildFile; productRef = 8965E2D428C3D06D001D9B8E /* CodeScanner */; };
		898C925428C3D65F00100AD6 /* ZermeloQRData.swift in Sources */ = {isa = PBXBuildFile; fileRef = 898C925328C3D65F00100AD6 /* ZermeloQRData.swift */; };
		898C925728C3D76000100AD6 /* Alamofire in Frameworks */ = {isa = PBXBuildFile; productRef = 898C925628C3D76000100AD6 /* Alamofire */; };
		898C925928C3D7FB00100AD6 /* ZermeloTokenRequest.swift in Sources */ = {isa = PBXBuildFile; fileRef = 898C925828C3D7FB00100AD6 /* ZermeloTokenRequest.swift */; };
		89ED829928C5307F00306872 /* TokenSaver.swift in Sources */ = {isa = PBXBuildFile; fileRef = 89ED829828C5307F00306872 /* TokenSaver.swift */; };
		89ED829B28C530C000306872 /* SavedToken.swift in Sources */ = {isa = PBXBuildFile; fileRef = 89ED829A28C530C000306872 /* SavedToken.swift */; };
		89ED829F28C534A200306872 /* HomeView.swift in Sources */ = {isa = PBXBuildFile; fileRef = 89ED829E28C534A200306872 /* HomeView.swift */; };
		89ED82A128C53ADB00306872 /* ZermeloMeResponse.swift in Sources */ = {isa = PBXBuildFile; fileRef = 89ED82A028C53ADA00306872 /* ZermeloMeResponse.swift */; };
		89ED82A428C53D2E00306872 /* ZermeloLivescheduleResponse.swift in Sources */ = {isa = PBXBuildFile; fileRef = 89ED82A328C53D2E00306872 /* ZermeloLivescheduleResponse.swift */; };
		89F7051D28C6826700AFF2DF /* HomeViewModel.swift in Sources */ = {isa = PBXBuildFile; fileRef = 89F7051C28C6826700AFF2DF /* HomeViewModel.swift */; };
		89F7051F28C682A000AFF2DF /* API.swift in Sources */ = {isa = PBXBuildFile; fileRef = 89F7051E28C682A000AFF2DF /* API.swift */; };
/* End PBXBuildFile section */

/* Begin PBXFileReference section */
		892632DA28C3A94400B9C624 /* Rooster voor Zermelo.app */ = {isa = PBXFileReference; explicitFileType = wrapper.application; includeInIndex = 0; path = "Rooster voor Zermelo.app"; sourceTree = BUILT_PRODUCTS_DIR; };
		892632DD28C3A94400B9C624 /* Rooster_voor_ZermeloApp.swift */ = {isa = PBXFileReference; lastKnownFileType = sourcecode.swift; path = Rooster_voor_ZermeloApp.swift; sourceTree = "<group>"; };
		892632DF28C3A94400B9C624 /* ContentView.swift */ = {isa = PBXFileReference; lastKnownFileType = sourcecode.swift; path = ContentView.swift; sourceTree = "<group>"; };
		892632E128C3A94600B9C624 /* Assets.xcassets */ = {isa = PBXFileReference; lastKnownFileType = folder.assetcatalog; path = Assets.xcassets; sourceTree = "<group>"; };
		892632E428C3A94600B9C624 /* Preview Assets.xcassets */ = {isa = PBXFileReference; lastKnownFileType = folder.assetcatalog; path = "Preview Assets.xcassets"; sourceTree = "<group>"; };
		892632EC28C3A96100B9C624 /* WelcomeView.swift */ = {isa = PBXFileReference; lastKnownFileType = sourcecode.swift; path = WelcomeView.swift; sourceTree = "<group>"; };
		8965E2D628C3D296001D9B8E /* Rooster-voor-Zermelo-Info.plist */ = {isa = PBXFileReference; lastKnownFileType = text.plist; path = "Rooster-voor-Zermelo-Info.plist"; sourceTree = SOURCE_ROOT; };
		898C925328C3D65F00100AD6 /* ZermeloQRData.swift */ = {isa = PBXFileReference; lastKnownFileType = sourcecode.swift; path = ZermeloQRData.swift; sourceTree = "<group>"; };
		898C925828C3D7FB00100AD6 /* ZermeloTokenRequest.swift */ = {isa = PBXFileReference; lastKnownFileType = sourcecode.swift; path = ZermeloTokenRequest.swift; sourceTree = "<group>"; };
		89ED829828C5307F00306872 /* TokenSaver.swift */ = {isa = PBXFileReference; lastKnownFileType = sourcecode.swift; path = TokenSaver.swift; sourceTree = "<group>"; };
		89ED829A28C530C000306872 /* SavedToken.swift */ = {isa = PBXFileReference; lastKnownFileType = sourcecode.swift; path = SavedToken.swift; sourceTree = "<group>"; };
		89ED829E28C534A200306872 /* HomeView.swift */ = {isa = PBXFileReference; lastKnownFileType = sourcecode.swift; path = HomeView.swift; sourceTree = "<group>"; };
		89ED82A028C53ADA00306872 /* ZermeloMeResponse.swift */ = {isa = PBXFileReference; lastKnownFileType = sourcecode.swift; path = ZermeloMeResponse.swift; sourceTree = "<group>"; };
		89ED82A328C53D2E00306872 /* ZermeloLivescheduleResponse.swift */ = {isa = PBXFileReference; lastKnownFileType = sourcecode.swift; path = ZermeloLivescheduleResponse.swift; sourceTree = "<group>"; };
		89F7051C28C6826700AFF2DF /* HomeViewModel.swift */ = {isa = PBXFileReference; lastKnownFileType = sourcecode.swift; path = HomeViewModel.swift; sourceTree = "<group>"; };
		89F7051E28C682A000AFF2DF /* API.swift */ = {isa = PBXFileReference; lastKnownFileType = sourcecode.swift; path = API.swift; sourceTree = "<group>"; };
		89F7052028C68ACE00AFF2DF /* README.md */ = {isa = PBXFileReference; lastKnownFileType = net.daringfireball.markdown; path = README.md; sourceTree = "<group>"; };
/* End PBXFileReference section */

/* Begin PBXFrameworksBuildPhase section */
		892632D728C3A94400B9C624 /* Frameworks */ = {
			isa = PBXFrameworksBuildPhase;
			buildActionMask = 2147483647;
			files = (
				8965E2D528C3D06D001D9B8E /* CodeScanner in Frameworks */,
				898C925728C3D76000100AD6 /* Alamofire in Frameworks */,
			);
			runOnlyForDeploymentPostprocessing = 0;
		};
/* End PBXFrameworksBuildPhase section */

/* Begin PBXGroup section */
		892632D128C3A94400B9C624 = {
			isa = PBXGroup;
			children = (
				89F7052028C68ACE00AFF2DF /* README.md */,
				892632DC28C3A94400B9C624 /* Rooster voor Zermelo */,
				892632DB28C3A94400B9C624 /* Products */,
			);
			sourceTree = "<group>";
		};
		892632DB28C3A94400B9C624 /* Products */ = {
			isa = PBXGroup;
			children = (
				892632DA28C3A94400B9C624 /* Rooster voor Zermelo.app */,
			);
			name = Products;
			sourceTree = "<group>";
		};
		892632DC28C3A94400B9C624 /* Rooster voor Zermelo */ = {
			isa = PBXGroup;
			children = (
				89ED829728C5307200306872 /* Helpers */,
				898C925228C3D65100100AD6 /* Types */,
				8965E2D628C3D296001D9B8E /* Rooster-voor-Zermelo-Info.plist */,
				892632EB28C3A95800B9C624 /* Views */,
				892632DD28C3A94400B9C624 /* Rooster_voor_ZermeloApp.swift */,
				892632DF28C3A94400B9C624 /* ContentView.swift */,
				892632E128C3A94600B9C624 /* Assets.xcassets */,
				892632E328C3A94600B9C624 /* Preview Content */,
			);
			path = "Rooster voor Zermelo";
			sourceTree = "<group>";
		};
		892632E328C3A94600B9C624 /* Preview Content */ = {
			isa = PBXGroup;
			children = (
				892632E428C3A94600B9C624 /* Preview Assets.xcassets */,
			);
			path = "Preview Content";
			sourceTree = "<group>";
		};
		892632EB28C3A95800B9C624 /* Views */ = {
			isa = PBXGroup;
			children = (
				89ED829D28C5349C00306872 /* HomeView */,
				892632EC28C3A96100B9C624 /* WelcomeView.swift */,
			);
			path = Views;
			sourceTree = "<group>";
		};
		898C925228C3D65100100AD6 /* Types */ = {
			isa = PBXGroup;
			children = (
				89ED82A228C53D1800306872 /* ZermeloHTTP */,
				898C925328C3D65F00100AD6 /* ZermeloQRData.swift */,
				89ED829A28C530C000306872 /* SavedToken.swift */,
			);
			path = Types;
			sourceTree = "<group>";
		};
		89ED829728C5307200306872 /* Helpers */ = {
			isa = PBXGroup;
			children = (
				89ED829828C5307F00306872 /* TokenSaver.swift */,
				89F7051E28C682A000AFF2DF /* API.swift */,
			);
			path = Helpers;
			sourceTree = "<group>";
		};
		89ED829D28C5349C00306872 /* HomeView */ = {
			isa = PBXGroup;
			children = (
				89ED829E28C534A200306872 /* HomeView.swift */,
				89F7051C28C6826700AFF2DF /* HomeViewModel.swift */,
			);
			path = HomeView;
			sourceTree = "<group>";
		};
		89ED82A228C53D1800306872 /* ZermeloHTTP */ = {
			isa = PBXGroup;
			children = (
				89ED82A028C53ADA00306872 /* ZermeloMeResponse.swift */,
				898C925828C3D7FB00100AD6 /* ZermeloTokenRequest.swift */,
				89ED82A328C53D2E00306872 /* ZermeloLivescheduleResponse.swift */,
			);
			path = ZermeloHTTP;
			sourceTree = "<group>";
		};
/* End PBXGroup section */

/* Begin PBXNativeTarget section */
		892632D928C3A94400B9C624 /* Rooster voor Zermelo */ = {
			isa = PBXNativeTarget;
			buildConfigurationList = 892632E828C3A94600B9C624 /* Build configuration list for PBXNativeTarget "Rooster voor Zermelo" */;
			buildPhases = (
				892632D628C3A94400B9C624 /* Sources */,
				892632D728C3A94400B9C624 /* Frameworks */,
				892632D828C3A94400B9C624 /* Resources */,
			);
			buildRules = (
			);
			dependencies = (
			);
			name = "Rooster voor Zermelo";
			packageProductDependencies = (
				8965E2D428C3D06D001D9B8E /* CodeScanner */,
				898C925628C3D76000100AD6 /* Alamofire */,
			);
			productName = "Rooster voor Zermelo";
			productReference = 892632DA28C3A94400B9C624 /* Rooster voor Zermelo.app */;
			productType = "com.apple.product-type.application";
		};
/* End PBXNativeTarget section */

/* Begin PBXProject section */
		892632D228C3A94400B9C624 /* Project object */ = {
			isa = PBXProject;
			attributes = {
				BuildIndependentTargetsInParallel = 1;
				LastSwiftUpdateCheck = 1400;
				LastUpgradeCheck = 1400;
				TargetAttributes = {
					892632D928C3A94400B9C624 = {
						CreatedOnToolsVersion = 14.0;
					};
				};
			};
			buildConfigurationList = 892632D528C3A94400B9C624 /* Build configuration list for PBXProject "Rooster voor Zermelo" */;
			compatibilityVersion = "Xcode 14.0";
			developmentRegion = en;
			hasScannedForEncodings = 0;
			knownRegions = (
				en,
				Base,
			);
			mainGroup = 892632D128C3A94400B9C624;
			packageReferences = (
				8965E2D328C3D06D001D9B8E /* XCRemoteSwiftPackageReference "CodeScanner" */,
				898C925528C3D76000100AD6 /* XCRemoteSwiftPackageReference "Alamofire" */,
			);
			productRefGroup = 892632DB28C3A94400B9C624 /* Products */;
			projectDirPath = "";
			projectRoot = "";
			targets = (
				892632D928C3A94400B9C624 /* Rooster voor Zermelo */,
			);
		};
/* End PBXProject section */

/* Begin PBXResourcesBuildPhase section */
		892632D828C3A94400B9C624 /* Resources */ = {
			isa = PBXResourcesBuildPhase;
			buildActionMask = 2147483647;
			files = (
				892632E528C3A94600B9C624 /* Preview Assets.xcassets in Resources */,
				892632E228C3A94600B9C624 /* Assets.xcassets in Resources */,
			);
			runOnlyForDeploymentPostprocessing = 0;
		};
/* End PBXResourcesBuildPhase section */

/* Begin PBXSourcesBuildPhase section */
		892632D628C3A94400B9C624 /* Sources */ = {
			isa = PBXSourcesBuildPhase;
			buildActionMask = 2147483647;
			files = (
				892632E028C3A94400B9C624 /* ContentView.swift in Sources */,
				89F7051D28C6826700AFF2DF /* HomeViewModel.swift in Sources */,
				89ED829928C5307F00306872 /* TokenSaver.swift in Sources */,
				89ED82A428C53D2E00306872 /* ZermeloLivescheduleResponse.swift in Sources */,
				898C925428C3D65F00100AD6 /* ZermeloQRData.swift in Sources */,
				898C925928C3D7FB00100AD6 /* ZermeloTokenRequest.swift in Sources */,
				89ED829B28C530C000306872 /* SavedToken.swift in Sources */,
				89ED829F28C534A200306872 /* HomeView.swift in Sources */,
				89ED82A128C53ADB00306872 /* ZermeloMeResponse.swift in Sources */,
				892632ED28C3A96100B9C624 /* WelcomeView.swift in Sources */,
				89F7051F28C682A000AFF2DF /* API.swift in Sources */,
				892632DE28C3A94400B9C624 /* Rooster_voor_ZermeloApp.swift in Sources */,
			);
			runOnlyForDeploymentPostprocessing = 0;
		};
/* End PBXSourcesBuildPhase section */

/* Begin XCBuildConfiguration section */
		892632E628C3A94600B9C624 /* Debug */ = {
			isa = XCBuildConfiguration;
			buildSettings = {
				ALWAYS_SEARCH_USER_PATHS = NO;
				CLANG_ANALYZER_NONNULL = YES;
				CLANG_ANALYZER_NUMBER_OBJECT_CONVERSION = YES_AGGRESSIVE;
				CLANG_CXX_LANGUAGE_STANDARD = "gnu++20";
				CLANG_ENABLE_MODULES = YES;
				CLANG_ENABLE_OBJC_ARC = YES;
				CLANG_ENABLE_OBJC_WEAK = YES;
				CLANG_WARN_BLOCK_CAPTURE_AUTORELEASING = YES;
				CLANG_WARN_BOOL_CONVERSION = YES;
				CLANG_WARN_COMMA = YES;
				CLANG_WARN_CONSTANT_CONVERSION = YES;
				CLANG_WARN_DEPRECATED_OBJC_IMPLEMENTATIONS = YES;
				CLANG_WARN_DIRECT_OBJC_ISA_USAGE = YES_ERROR;
				CLANG_WARN_DOCUMENTATION_COMMENTS = YES;
				CLANG_WARN_EMPTY_BODY = YES;
				CLANG_WARN_ENUM_CONVERSION = YES;
				CLANG_WARN_INFINITE_RECURSION = YES;
				CLANG_WARN_INT_CONVERSION = YES;
				CLANG_WARN_NON_LITERAL_NULL_CONVERSION = YES;
				CLANG_WARN_OBJC_IMPLICIT_RETAIN_SELF = YES;
				CLANG_WARN_OBJC_LITERAL_CONVERSION = YES;
				CLANG_WARN_OBJC_ROOT_CLASS = YES_ERROR;
				CLANG_WARN_QUOTED_INCLUDE_IN_FRAMEWORK_HEADER = YES;
				CLANG_WARN_RANGE_LOOP_ANALYSIS = YES;
				CLANG_WARN_STRICT_PROTOTYPES = YES;
				CLANG_WARN_SUSPICIOUS_MOVE = YES;
				CLANG_WARN_UNGUARDED_AVAILABILITY = YES_AGGRESSIVE;
				CLANG_WARN_UNREACHABLE_CODE = YES;
				CLANG_WARN__DUPLICATE_METHOD_MATCH = YES;
				COPY_PHASE_STRIP = NO;
				DEBUG_INFORMATION_FORMAT = dwarf;
				ENABLE_STRICT_OBJC_MSGSEND = YES;
				ENABLE_TESTABILITY = YES;
				GCC_C_LANGUAGE_STANDARD = gnu11;
				GCC_DYNAMIC_NO_PIC = NO;
				GCC_NO_COMMON_BLOCKS = YES;
				GCC_OPTIMIZATION_LEVEL = 0;
				GCC_PREPROCESSOR_DEFINITIONS = (
					"DEBUG=1",
					"$(inherited)",
				);
				GCC_WARN_64_TO_32_BIT_CONVERSION = YES;
				GCC_WARN_ABOUT_RETURN_TYPE = YES_ERROR;
				GCC_WARN_UNDECLARED_SELECTOR = YES;
				GCC_WARN_UNINITIALIZED_AUTOS = YES_AGGRESSIVE;
				GCC_WARN_UNUSED_FUNCTION = YES;
				GCC_WARN_UNUSED_VARIABLE = YES;
				IPHONEOS_DEPLOYMENT_TARGET = 16.0;
				MTL_ENABLE_DEBUG_INFO = INCLUDE_SOURCE;
				MTL_FAST_MATH = YES;
				ONLY_ACTIVE_ARCH = YES;
				SDKROOT = iphoneos;
				SWIFT_ACTIVE_COMPILATION_CONDITIONS = DEBUG;
				SWIFT_OPTIMIZATION_LEVEL = "-Onone";
			};
			name = Debug;
		};
		892632E728C3A94600B9C624 /* Release */ = {
			isa = XCBuildConfiguration;
			buildSettings = {
				ALWAYS_SEARCH_USER_PATHS = NO;
				CLANG_ANALYZER_NONNULL = YES;
				CLANG_ANALYZER_NUMBER_OBJECT_CONVERSION = YES_AGGRESSIVE;
				CLANG_CXX_LANGUAGE_STANDARD = "gnu++20";
				CLANG_ENABLE_MODULES = YES;
				CLANG_ENABLE_OBJC_ARC = YES;
				CLANG_ENABLE_OBJC_WEAK = YES;
				CLANG_WARN_BLOCK_CAPTURE_AUTORELEASING = YES;
				CLANG_WARN_BOOL_CONVERSION = YES;
				CLANG_WARN_COMMA = YES;
				CLANG_WARN_CONSTANT_CONVERSION = YES;
				CLANG_WARN_DEPRECATED_OBJC_IMPLEMENTATIONS = YES;
				CLANG_WARN_DIRECT_OBJC_ISA_USAGE = YES_ERROR;
				CLANG_WARN_DOCUMENTATION_COMMENTS = YES;
				CLANG_WARN_EMPTY_BODY = YES;
				CLANG_WARN_ENUM_CONVERSION = YES;
				CLANG_WARN_INFINITE_RECURSION = YES;
				CLANG_WARN_INT_CONVERSION = YES;
				CLANG_WARN_NON_LITERAL_NULL_CONVERSION = YES;
				CLANG_WARN_OBJC_IMPLICIT_RETAIN_SELF = YES;
				CLANG_WARN_OBJC_LITERAL_CONVERSION = YES;
				CLANG_WARN_OBJC_ROOT_CLASS = YES_ERROR;
				CLANG_WARN_QUOTED_INCLUDE_IN_FRAMEWORK_HEADER = YES;
				CLANG_WARN_RANGE_LOOP_ANALYSIS = YES;
				CLANG_WARN_STRICT_PROTOTYPES = YES;
				CLANG_WARN_SUSPICIOUS_MOVE = YES;
				CLANG_WARN_UNGUARDED_AVAILABILITY = YES_AGGRESSIVE;
				CLANG_WARN_UNREACHABLE_CODE = YES;
				CLANG_WARN__DUPLICATE_METHOD_MATCH = YES;
				COPY_PHASE_STRIP = NO;
				DEBUG_INFORMATION_FORMAT = "dwarf-with-dsym";
				ENABLE_NS_ASSERTIONS = NO;
				ENABLE_STRICT_OBJC_MSGSEND = YES;
				GCC_C_LANGUAGE_STANDARD = gnu11;
				GCC_NO_COMMON_BLOCKS = YES;
				GCC_WARN_64_TO_32_BIT_CONVERSION = YES;
				GCC_WARN_ABOUT_RETURN_TYPE = YES_ERROR;
				GCC_WARN_UNDECLARED_SELECTOR = YES;
				GCC_WARN_UNINITIALIZED_AUTOS = YES_AGGRESSIVE;
				GCC_WARN_UNUSED_FUNCTION = YES;
				GCC_WARN_UNUSED_VARIABLE = YES;
				IPHONEOS_DEPLOYMENT_TARGET = 16.0;
				MTL_ENABLE_DEBUG_INFO = NO;
				MTL_FAST_MATH = YES;
				SDKROOT = iphoneos;
				SWIFT_COMPILATION_MODE = wholemodule;
				SWIFT_OPTIMIZATION_LEVEL = "-O";
				VALIDATE_PRODUCT = YES;
			};
			name = Release;
		};
		892632E928C3A94600B9C624 /* Debug */ = {
			isa = XCBuildConfiguration;
			buildSettings = {
				ASSETCATALOG_COMPILER_APPICON_NAME = AppIcon;
				ASSETCATALOG_COMPILER_GLOBAL_ACCENT_COLOR_NAME = AccentColor;
				CODE_SIGN_STYLE = Automatic;
				CURRENT_PROJECT_VERSION = 1;
				DEVELOPMENT_ASSET_PATHS = "\"Rooster voor Zermelo/Preview Content\"";
				DEVELOPMENT_TEAM = C4HKS39B24;
				ENABLE_PREVIEWS = YES;
				GENERATE_INFOPLIST_FILE = YES;
				INFOPLIST_FILE = "Rooster-voor-Zermelo-Info.plist";
				INFOPLIST_KEY_NSCameraUsageDescription = "Nodig om de QR code te kunnen scannen.";
				INFOPLIST_KEY_UIApplicationSceneManifest_Generation = YES;
				INFOPLIST_KEY_UIApplicationSupportsIndirectInputEvents = YES;
				INFOPLIST_KEY_UILaunchScreen_Generation = YES;
				INFOPLIST_KEY_UISupportedInterfaceOrientations_iPad = "UIInterfaceOrientationPortrait UIInterfaceOrientationPortraitUpsideDown UIInterfaceOrientationLandscapeLeft UIInterfaceOrientationLandscapeRight";
				INFOPLIST_KEY_UISupportedInterfaceOrientations_iPhone = "UIInterfaceOrientationPortrait UIInterfaceOrientationLandscapeLeft UIInterfaceOrientationLandscapeRight";
				LD_RUNPATH_SEARCH_PATHS = (
					"$(inherited)",
					"@executable_path/Frameworks",
				);
				MARKETING_VERSION = 1.0;
				PRODUCT_BUNDLE_IDENTIFIER = "nl.wissehes.Rooster-voor-Zermelo";
				PRODUCT_NAME = "$(TARGET_NAME)";
				SWIFT_EMIT_LOC_STRINGS = YES;
				SWIFT_VERSION = 5.0;
				TARGETED_DEVICE_FAMILY = "1,2";
			};
			name = Debug;
		};
		892632EA28C3A94600B9C624 /* Release */ = {
			isa = XCBuildConfiguration;
			buildSettings = {
				ASSETCATALOG_COMPILER_APPICON_NAME = AppIcon;
				ASSETCATALOG_COMPILER_GLOBAL_ACCENT_COLOR_NAME = AccentColor;
				CODE_SIGN_STYLE = Automatic;
				CURRENT_PROJECT_VERSION = 1;
				DEVELOPMENT_ASSET_PATHS = "\"Rooster voor Zermelo/Preview Content\"";
				DEVELOPMENT_TEAM = C4HKS39B24;
				ENABLE_PREVIEWS = YES;
				GENERATE_INFOPLIST_FILE = YES;
				INFOPLIST_FILE = "Rooster-voor-Zermelo-Info.plist";
				INFOPLIST_KEY_NSCameraUsageDescription = "Nodig om de QR code te kunnen scannen.";
				INFOPLIST_KEY_UIApplicationSceneManifest_Generation = YES;
				INFOPLIST_KEY_UIApplicationSupportsIndirectInputEvents = YES;
				INFOPLIST_KEY_UILaunchScreen_Generation = YES;
				INFOPLIST_KEY_UISupportedInterfaceOrientations_iPad = "UIInterfaceOrientationPortrait UIInterfaceOrientationPortraitUpsideDown UIInterfaceOrientationLandscapeLeft UIInterfaceOrientationLandscapeRight";
				INFOPLIST_KEY_UISupportedInterfaceOrientations_iPhone = "UIInterfaceOrientationPortrait UIInterfaceOrientationLandscapeLeft UIInterfaceOrientationLandscapeRight";
				LD_RUNPATH_SEARCH_PATHS = (
					"$(inherited)",
					"@executable_path/Frameworks",
				);
				MARKETING_VERSION = 1.0;
				PRODUCT_BUNDLE_IDENTIFIER = "nl.wissehes.Rooster-voor-Zermelo";
				PRODUCT_NAME = "$(TARGET_NAME)";
				SWIFT_EMIT_LOC_STRINGS = YES;
				SWIFT_VERSION = 5.0;
				TARGETED_DEVICE_FAMILY = "1,2";
			};
			name = Release;
		};
/* End XCBuildConfiguration section */

/* Begin XCConfigurationList section */
		892632D528C3A94400B9C624 /* Build configuration list for PBXProject "Rooster voor Zermelo" */ = {
			isa = XCConfigurationList;
			buildConfigurations = (
				892632E628C3A94600B9C624 /* Debug */,
				892632E728C3A94600B9C624 /* Release */,
			);
			defaultConfigurationIsVisible = 0;
			defaultConfigurationName = Release;
		};
		892632E828C3A94600B9C624 /* Build configuration list for PBXNativeTarget "Rooster voor Zermelo" */ = {
			isa = XCConfigurationList;
			buildConfigurations = (
				892632E928C3A94600B9C624 /* Debug */,
				892632EA28C3A94600B9C624 /* Release */,
			);
			defaultConfigurationIsVisible = 0;
			defaultConfigurationName = Release;
		};
/* End XCConfigurationList section */

/* Begin XCRemoteSwiftPackageReference section */
		8965E2D328C3D06D001D9B8E /* XCRemoteSwiftPackageReference "CodeScanner" */ = {
			isa = XCRemoteSwiftPackageReference;
			repositoryURL = "https://github.com/twostraws/CodeScanner";
			requirement = {
				kind = upToNextMajorVersion;
				minimumVersion = 2.0.0;
			};
		};
		898C925528C3D76000100AD6 /* XCRemoteSwiftPackageReference "Alamofire" */ = {
			isa = XCRemoteSwiftPackageReference;
			repositoryURL = "https://github.com/Alamofire/Alamofire";
			requirement = {
				kind = upToNextMajorVersion;
				minimumVersion = 5.0.0;
			};
		};
/* End XCRemoteSwiftPackageReference section */

/* Begin XCSwiftPackageProductDependency section */
		8965E2D428C3D06D001D9B8E /* CodeScanner */ = {
			isa = XCSwiftPackageProductDependency;
			package = 8965E2D328C3D06D001D9B8E /* XCRemoteSwiftPackageReference "CodeScanner" */;
			productName = CodeScanner;
		};
		898C925628C3D76000100AD6 /* Alamofire */ = {
			isa = XCSwiftPackageProductDependency;
			package = 898C925528C3D76000100AD6 /* XCRemoteSwiftPackageReference "Alamofire" */;
			productName = Alamofire;
		};
/* End XCSwiftPackageProductDependency section */
	};
	rootObject = 892632D228C3A94400B9C624 /* Project object */;
}
